PODS:
  - Charts (3.2.1):
    - Charts/Core (= 3.2.1)
  - Charts/Core (3.2.1)
  - Masonry (1.0.2)

DEPENDENCIES:
  - Charts (= 3.2.1)
  - Masonry (= 1.0.2)

SPEC REPOS:
  https://github.com/cocoapods/specs.git:
    - Charts
    - Masonry

SPEC CHECKSUMS:
  Charts: f122fb70b19847fa5817d018b77d6c5a2296ab25
  Masonry: 7c429b56da9d4ee0bbb3ed77a5ea710d6a5df39e

PODFILE CHECKSUM: 049b9352e24bacba7042fd80128fdfd2100c58b0

COCOAPODS: 1.5.3
