// !$*UTF8*$!
{
	archiveVersion = 1;
	classes = {
	};
	objectVersion = 46;
	objects = {

/* Begin PBXBuildFile section */
		2BB2664C214B4EE6000EA061 /* HorizontalBarChartController.m in Sources */ = {isa = PBXBuildFile; fileRef = 2BB2664B214B4EE6000EA061 /* HorizontalBarChartController.m */; };
		A848F2661E4C743A0012309C /* BarChartViewController.m in Sources */ = {isa = PBXBuildFile; fileRef = A848F2651E4C743A0012309C /* BarChartViewController.m */; };
		A8C63FA01E4AA8A4006FAB36 /* ChartBaseViewController.m in Sources */ = {isa = PBXBuildFile; fileRef = A8C63F9F1E4AA8A4006FAB36 /* ChartBaseViewController.m */; };
		A8C63FA31E4AB179006FAB36 /* PieChartViewController.m in Sources */ = {isa = PBXBuildFile; fileRef = A8C63FA21E4AB179006FAB36 /* PieChartViewController.m */; };
		A8C63FA81E4B057E006FAB36 /* RadarChartViewController.m in Sources */ = {isa = PBXBuildFile; fileRef = A8C63FA71E4B057E006FAB36 /* RadarChartViewController.m */; };
		A8EACC831E49BE0C006E787F /* main.m in Sources */ = {isa = PBXBuildFile; fileRef = A8EACC821E49BE0C006E787F /* main.m */; };
		A8EACC861E49BE0C006E787F /* AppDelegate.m in Sources */ = {isa = PBXBuildFile; fileRef = A8EACC851E49BE0C006E787F /* AppDelegate.m */; };
		A8EACC8C1E49BE0C006E787F /* Main.storyboard in Resources */ = {isa = PBXBuildFile; fileRef = A8EACC8A1E49BE0C006E787F /* Main.storyboard */; };
		A8EACC8E1E49BE0C006E787F /* Assets.xcassets in Resources */ = {isa = PBXBuildFile; fileRef = A8EACC8D1E49BE0C006E787F /* Assets.xcassets */; };
		A8EACC911E49BE0C006E787F /* LaunchScreen.storyboard in Resources */ = {isa = PBXBuildFile; fileRef = A8EACC8F1E49BE0C006E787F /* LaunchScreen.storyboard */; };
		A8EACCA01E49C24D006E787F /* MainViewController.m in Sources */ = {isa = PBXBuildFile; fileRef = A8EACC9F1E49C24D006E787F /* MainViewController.m */; };
		A8F22CB51E5141F90071C05C /* LineChartViewController.m in Sources */ = {isa = PBXBuildFile; fileRef = A8F22CB41E5141F90071C05C /* LineChartViewController.m */; };
		B47BE056CED08E27C01310FA /* Pods_TJCharts.framework in Frameworks */ = {isa = PBXBuildFile; fileRef = 65548994795799B681B26C68 /* Pods_TJCharts.framework */; };
/* End PBXBuildFile section */

/* Begin PBXFileReference section */
		2BB2664A214B4EE6000EA061 /* HorizontalBarChartController.h */ = {isa = PBXFileReference; lastKnownFileType = sourcecode.c.h; path = HorizontalBarChartController.h; sourceTree = "<group>"; };
		2BB2664B214B4EE6000EA061 /* HorizontalBarChartController.m */ = {isa = PBXFileReference; lastKnownFileType = sourcecode.c.objc; path = HorizontalBarChartController.m; sourceTree = "<group>"; };
		4920C2E3CB3BC8DA69F21AC1 /* Pods-TJCharts.release.xcconfig */ = {isa = PBXFileReference; includeInIndex = 1; lastKnownFileType = text.xcconfig; name = "Pods-TJCharts.release.xcconfig"; path = "Pods/Target Support Files/Pods-TJCharts/Pods-TJCharts.release.xcconfig"; sourceTree = "<group>"; };
		65548994795799B681B26C68 /* Pods_TJCharts.framework */ = {isa = PBXFileReference; explicitFileType = wrapper.framework; includeInIndex = 0; path = Pods_TJCharts.framework; sourceTree = BUILT_PRODUCTS_DIR; };
		781C62847D269333A9E020EE /* Pods-TJCharts.debug.xcconfig */ = {isa = PBXFileReference; includeInIndex = 1; lastKnownFileType = text.xcconfig; name = "Pods-TJCharts.debug.xcconfig"; path = "Pods/Target Support Files/Pods-TJCharts/Pods-TJCharts.debug.xcconfig"; sourceTree = "<group>"; };
		A848F2641E4C743A0012309C /* BarChartViewController.h */ = {isa = PBXFileReference; fileEncoding = 4; lastKnownFileType = sourcecode.c.h; path = BarChartViewController.h; sourceTree = "<group>"; };
		A848F2651E4C743A0012309C /* BarChartViewController.m */ = {isa = PBXFileReference; fileEncoding = 4; lastKnownFileType = sourcecode.c.objc; path = BarChartViewController.m; sourceTree = "<group>"; };
		A8C63F9E1E4AA8A4006FAB36 /* ChartBaseViewController.h */ = {isa = PBXFileReference; fileEncoding = 4; lastKnownFileType = sourcecode.c.h; path = ChartBaseViewController.h; sourceTree = "<group>"; };
		A8C63F9F1E4AA8A4006FAB36 /* ChartBaseViewController.m */ = {isa = PBXFileReference; fileEncoding = 4; lastKnownFileType = sourcecode.c.objc; path = ChartBaseViewController.m; sourceTree = "<group>"; };
		A8C63FA11E4AB179006FAB36 /* PieChartViewController.h */ = {isa = PBXFileReference; fileEncoding = 4; lastKnownFileType = sourcecode.c.h; path = PieChartViewController.h; sourceTree = "<group>"; };
		A8C63FA21E4AB179006FAB36 /* PieChartViewController.m */ = {isa = PBXFileReference; fileEncoding = 4; lastKnownFileType = sourcecode.c.objc; path = PieChartViewController.m; sourceTree = "<group>"; };
		A8C63FA61E4B057E006FAB36 /* RadarChartViewController.h */ = {isa = PBXFileReference; fileEncoding = 4; lastKnownFileType = sourcecode.c.h; path = RadarChartViewController.h; sourceTree = "<group>"; };
		A8C63FA71E4B057E006FAB36 /* RadarChartViewController.m */ = {isa = PBXFileReference; fileEncoding = 4; lastKnownFileType = sourcecode.c.objc; path = RadarChartViewController.m; sourceTree = "<group>"; };
		A8EACC7E1E49BE0C006E787F /* TJCharts.app */ = {isa = PBXFileReference; explicitFileType = wrapper.application; includeInIndex = 0; path = TJCharts.app; sourceTree = BUILT_PRODUCTS_DIR; };
		A8EACC821E49BE0C006E787F /* main.m */ = {isa = PBXFileReference; lastKnownFileType = sourcecode.c.objc; path = main.m; sourceTree = "<group>"; };
		A8EACC841E49BE0C006E787F /* AppDelegate.h */ = {isa = PBXFileReference; lastKnownFileType = sourcecode.c.h; path = AppDelegate.h; sourceTree = "<group>"; };
		A8EACC851E49BE0C006E787F /* AppDelegate.m */ = {isa = PBXFileReference; lastKnownFileType = sourcecode.c.objc; path = AppDelegate.m; sourceTree = "<group>"; };
		A8EACC8B1E49BE0C006E787F /* Base */ = {isa = PBXFileReference; lastKnownFileType = file.storyboard; name = Base; path = Base.lproj/Main.storyboard; sourceTree = "<group>"; };
		A8EACC8D1E49BE0C006E787F /* Assets.xcassets */ = {isa = PBXFileReference; lastKnownFileType = folder.assetcatalog; path = Assets.xcassets; sourceTree = "<group>"; };
		A8EACC901E49BE0C006E787F /* Base */ = {isa = PBXFileReference; lastKnownFileType = file.storyboard; name = Base; path = Base.lproj/LaunchScreen.storyboard; sourceTree = "<group>"; };
		A8EACC921E49BE0C006E787F /* Info.plist */ = {isa = PBXFileReference; lastKnownFileType = text.plist.xml; path = Info.plist; sourceTree = "<group>"; };
		A8EACC981E49BE27006E787F /* TJCharts-Bridging-Header.h */ = {isa = PBXFileReference; lastKnownFileType = sourcecode.c.h; path = "TJCharts-Bridging-Header.h"; sourceTree = "<group>"; };
		A8EACC9E1E49C24D006E787F /* MainViewController.h */ = {isa = PBXFileReference; fileEncoding = 4; lastKnownFileType = sourcecode.c.h; path = MainViewController.h; sourceTree = "<group>"; };
		A8EACC9F1E49C24D006E787F /* MainViewController.m */ = {isa = PBXFileReference; fileEncoding = 4; lastKnownFileType = sourcecode.c.objc; path = MainViewController.m; sourceTree = "<group>"; };
		A8F22CB31E5141F90071C05C /* LineChartViewController.h */ = {isa = PBXFileReference; fileEncoding = 4; lastKnownFileType = sourcecode.c.h; path = LineChartViewController.h; sourceTree = "<group>"; };
		A8F22CB41E5141F90071C05C /* LineChartViewController.m */ = {isa = PBXFileReference; fileEncoding = 4; lastKnownFileType = sourcecode.c.objc; path = LineChartViewController.m; sourceTree = "<group>"; };
/* End PBXFileReference section */

/* Begin PBXFrameworksBuildPhase section */
		A8EACC7B1E49BE0C006E787F /* Frameworks */ = {
			isa = PBXFrameworksBuildPhase;
			buildActionMask = 2147483647;
			files = (
				B47BE056CED08E27C01310FA /* Pods_TJCharts.framework in Frameworks */,
			);
			runOnlyForDeploymentPostprocessing = 0;
		};
/* End PBXFrameworksBuildPhase section */

/* Begin PBXGroup section */
		2BEADB932146A6E6000DEB91 /* Charts */ = {
			isa = PBXGroup;
			children = (
				A8EACC9E1E49C24D006E787F /* MainViewController.h */,
				A8EACC9F1E49C24D006E787F /* MainViewController.m */,
				A8C63F9E1E4AA8A4006FAB36 /* ChartBaseViewController.h */,
				A8C63F9F1E4AA8A4006FAB36 /* ChartBaseViewController.m */,
				A8C63FA11E4AB179006FAB36 /* PieChartViewController.h */,
				A8C63FA21E4AB179006FAB36 /* PieChartViewController.m */,
				A8C63FA61E4B057E006FAB36 /* RadarChartViewController.h */,
				A8C63FA71E4B057E006FAB36 /* RadarChartViewController.m */,
				A848F2641E4C743A0012309C /* BarChartViewController.h */,
				A848F2651E4C743A0012309C /* BarChartViewController.m */,
				A8F22CB31E5141F90071C05C /* LineChartViewController.h */,
				A8F22CB41E5141F90071C05C /* LineChartViewController.m */,
				2BB2664A214B4EE6000EA061 /* HorizontalBarChartController.h */,
				2BB2664B214B4EE6000EA061 /* HorizontalBarChartController.m */,
			);
			name = Charts;
			sourceTree = "<group>";
		};
		2D220D4BF5444A76C43B6F78 /* Pods */ = {
			isa = PBXGroup;
			children = (
				781C62847D269333A9E020EE /* Pods-TJCharts.debug.xcconfig */,
				4920C2E3CB3BC8DA69F21AC1 /* Pods-TJCharts.release.xcconfig */,
			);
			name = Pods;
			sourceTree = "<group>";
		};
		8F76FA770F2ABDE201D9E8EE /* Frameworks */ = {
			isa = PBXGroup;
			children = (
				65548994795799B681B26C68 /* Pods_TJCharts.framework */,
			);
			name = Frameworks;
			sourceTree = "<group>";
		};
		A8EACC751E49BE0C006E787F = {
			isa = PBXGroup;
			children = (
				A8EACC801E49BE0C006E787F /* TJCharts */,
				A8EACC7F1E49BE0C006E787F /* Products */,
				2D220D4BF5444A76C43B6F78 /* Pods */,
				8F76FA770F2ABDE201D9E8EE /* Frameworks */,
			);
			sourceTree = "<group>";
		};
		A8EACC7F1E49BE0C006E787F /* Products */ = {
			isa = PBXGroup;
			children = (
				A8EACC7E1E49BE0C006E787F /* TJCharts.app */,
			);
			name = Products;
			sourceTree = "<group>";
		};
		A8EACC801E49BE0C006E787F /* TJCharts */ = {
			isa = PBXGroup;
			children = (
				2BEADB932146A6E6000DEB91 /* Charts */,
				A8EACC841E49BE0C006E787F /* AppDelegate.h */,
				A8EACC851E49BE0C006E787F /* AppDelegate.m */,
				A8EACC8A1E49BE0C006E787F /* Main.storyboard */,
				A8EACC8D1E49BE0C006E787F /* Assets.xcassets */,
				A8EACC8F1E49BE0C006E787F /* LaunchScreen.storyboard */,
				A8EACC921E49BE0C006E787F /* Info.plist */,
				A8EACC811E49BE0C006E787F /* Supporting Files */,
				A8EACC981E49BE27006E787F /* TJCharts-Bridging-Header.h */,
			);
			path = TJCharts;
			sourceTree = "<group>";
		};
		A8EACC811E49BE0C006E787F /* Supporting Files */ = {
			isa = PBXGroup;
			children = (
				A8EACC821E49BE0C006E787F /* main.m */,
			);
			name = "Supporting Files";
			sourceTree = "<group>";
		};
/* End PBXGroup section */

/* Begin PBXNativeTarget section */
		A8EACC7D1E49BE0C006E787F /* TJCharts */ = {
			isa = PBXNativeTarget;
			buildConfigurationList = A8EACC951E49BE0C006E787F /* Build configuration list for PBXNativeTarget "TJCharts" */;
			buildPhases = (
				55ECAE95C38B7B7E5DEE07D2 /* [CP] Check Pods Manifest.lock */,
				A8EACC7A1E49BE0C006E787F /* Sources */,
				A8EACC7B1E49BE0C006E787F /* Frameworks */,
				A8EACC7C1E49BE0C006E787F /* Resources */,
				E1C617B1B863384EA2B72BB4 /* [CP] Embed Pods Frameworks */,
			);
			buildRules = (
			);
			dependencies = (
			);
			name = TJCharts;
			productName = TJCharts;
			productReference = A8EACC7E1E49BE0C006E787F /* TJCharts.app */;
			productType = "com.apple.product-type.application";
		};
/* End PBXNativeTarget section */

/* Begin PBXProject section */
		A8EACC761E49BE0C006E787F /* Project object */ = {
			isa = PBXProject;
			attributes = {
				LastUpgradeCheck = 0810;
				ORGANIZATIONNAME = tao;
				TargetAttributes = {
					A8EACC7D1E49BE0C006E787F = {
						CreatedOnToolsVersion = 8.1;
						DevelopmentTeam = DQK8L5T84R;
						LastSwiftMigration = 0810;
						ProvisioningStyle = Automatic;
					};
				};
			};
			buildConfigurationList = A8EACC791E49BE0C006E787F /* Build configuration list for PBXProject "TJCharts" */;
			compatibilityVersion = "Xcode 3.2";
			developmentRegion = English;
			hasScannedForEncodings = 0;
			knownRegions = (
				en,
				Base,
			);
			mainGroup = A8EACC751E49BE0C006E787F;
			productRefGroup = A8EACC7F1E49BE0C006E787F /* Products */;
			projectDirPath = "";
			projectRoot = "";
			targets = (
				A8EACC7D1E49BE0C006E787F /* TJCharts */,
			);
		};
/* End PBXProject section */

/* Begin PBXResourcesBuildPhase section */
		A8EACC7C1E49BE0C006E787F /* Resources */ = {
			isa = PBXResourcesBuildPhase;
			buildActionMask = 2147483647;
			files = (
				A8EACC911E49BE0C006E787F /* LaunchScreen.storyboard in Resources */,
				A8EACC8E1E49BE0C006E787F /* Assets.xcassets in Resources */,
				A8EACC8C1E49BE0C006E787F /* Main.storyboard in Resources */,
			);
			runOnlyForDeploymentPostprocessing = 0;
		};
/* End PBXResourcesBuildPhase section */

/* Begin PBXShellScriptBuildPhase section */
		55ECAE95C38B7B7E5DEE07D2 /* [CP] Check Pods Manifest.lock */ = {
			isa = PBXShellScriptBuildPhase;
			buildActionMask = 2147483647;
			files = (
			);
			inputPaths = (
				"${PODS_PODFILE_DIR_PATH}/Podfile.lock",
				"${PODS_ROOT}/Manifest.lock",
			);
			name = "[CP] Check Pods Manifest.lock";
			outputPaths = (
				"$(DERIVED_FILE_DIR)/Pods-TJCharts-checkManifestLockResult.txt",
			);
			runOnlyForDeploymentPostprocessing = 0;
			shellPath = /bin/sh;
			shellScript = "diff \"${PODS_PODFILE_DIR_PATH}/Podfile.lock\" \"${PODS_ROOT}/Manifest.lock\" > /dev/null\nif [ $? != 0 ] ; then\n    # print error to STDERR\n    echo \"error: The sandbox is not in sync with the Podfile.lock. Run 'pod install' or update your CocoaPods installation.\" >&2\n    exit 1\nfi\n# This output is used by Xcode 'outputs' to avoid re-running this script phase.\necho \"SUCCESS\" > \"${SCRIPT_OUTPUT_FILE_0}\"\n";
			showEnvVarsInLog = 0;
		};
		E1C617B1B863384EA2B72BB4 /* [CP] Embed Pods Frameworks */ = {
			isa = PBXShellScriptBuildPhase;
			buildActionMask = 2147483647;
			files = (
			);
			inputPaths = (
				"${SRCROOT}/Pods/Target Support Files/Pods-TJCharts/Pods-TJCharts-frameworks.sh",
				"${BUILT_PRODUCTS_DIR}/Charts/Charts.framework",
				"${BUILT_PRODUCTS_DIR}/Masonry/Masonry.framework",
			);
			name = "[CP] Embed Pods Frameworks";
			outputPaths = (
				"${TARGET_BUILD_DIR}/${FRAMEWORKS_FOLDER_PATH}/Charts.framework",
				"${TARGET_BUILD_DIR}/${FRAMEWORKS_FOLDER_PATH}/Masonry.framework",
			);
			runOnlyForDeploymentPostprocessing = 0;
			shellPath = /bin/sh;
			shellScript = "\"${SRCROOT}/Pods/Target Support Files/Pods-TJCharts/Pods-TJCharts-frameworks.sh\"\n";
			showEnvVarsInLog = 0;
		};
/* End PBXShellScriptBuildPhase section */

/* Begin PBXSourcesBuildPhase section */
		A8EACC7A1E49BE0C006E787F /* Sources */ = {
			isa = PBXSourcesBuildPhase;
			buildActionMask = 2147483647;
			files = (
				A8EACC861E49BE0C006E787F /* AppDelegate.m in Sources */,
				A8EACCA01E49C24D006E787F /* MainViewController.m in Sources */,
				A8C63FA01E4AA8A4006FAB36 /* ChartBaseViewController.m in Sources */,
				A8C63FA31E4AB179006FAB36 /* PieChartViewController.m in Sources */,
				2BB2664C214B4EE6000EA061 /* HorizontalBarChartController.m in Sources */,
				A848F2661E4C743A0012309C /* BarChartViewController.m in Sources */,
				A8EACC831E49BE0C006E787F /* main.m in Sources */,
				A8C63FA81E4B057E006FAB36 /* RadarChartViewController.m in Sources */,
				A8F22CB51E5141F90071C05C /* LineChartViewController.m in Sources */,
			);
			runOnlyForDeploymentPostprocessing = 0;
		};
/* End PBXSourcesBuildPhase section */

/* Begin PBXVariantGroup section */
		A8EACC8A1E49BE0C006E787F /* Main.storyboard */ = {
			isa = PBXVariantGroup;
			children = (
				A8EACC8B1E49BE0C006E787F /* Base */,
			);
			name = Main.storyboard;
			sourceTree = "<group>";
		};
		A8EACC8F1E49BE0C006E787F /* LaunchScreen.storyboard */ = {
			isa = PBXVariantGroup;
			children = (
				A8EACC901E49BE0C006E787F /* Base */,
			);
			name = LaunchScreen.storyboard;
			sourceTree = "<group>";
		};
/* End PBXVariantGroup section */

/* Begin XCBuildConfiguration section */
		A8EACC931E49BE0C006E787F /* Debug */ = {
			isa = XCBuildConfiguration;
			buildSettings = {
				ALWAYS_SEARCH_USER_PATHS = NO;
				CLANG_ANALYZER_NONNULL = YES;
				CLANG_CXX_LANGUAGE_STANDARD = "gnu++0x";
				CLANG_CXX_LIBRARY = "libc++";
				CLANG_ENABLE_MODULES = YES;
				CLANG_ENABLE_OBJC_ARC = YES;
				CLANG_WARN_BOOL_CONVERSION = YES;
				CLANG_WARN_CONSTANT_CONVERSION = YES;
				CLANG_WARN_DIRECT_OBJC_ISA_USAGE = YES_ERROR;
				CLANG_WARN_DOCUMENTATION_COMMENTS = YES;
				CLANG_WARN_EMPTY_BODY = YES;
				CLANG_WARN_ENUM_CONVERSION = YES;
				CLANG_WARN_INFINITE_RECURSION = YES;
				CLANG_WARN_INT_CONVERSION = YES;
				CLANG_WARN_OBJC_ROOT_CLASS = YES_ERROR;
				CLANG_WARN_SUSPICIOUS_MOVES = YES;
				CLANG_WARN_UNREACHABLE_CODE = YES;
				CLANG_WARN__DUPLICATE_METHOD_MATCH = YES;
				"CODE_SIGN_IDENTITY[sdk=iphoneos*]" = "iPhone Developer";
				COPY_PHASE_STRIP = NO;
				DEBUG_INFORMATION_FORMAT = dwarf;
				ENABLE_STRICT_OBJC_MSGSEND = YES;
				ENABLE_TESTABILITY = YES;
				GCC_C_LANGUAGE_STANDARD = gnu99;
				GCC_DYNAMIC_NO_PIC = NO;
				GCC_NO_COMMON_BLOCKS = YES;
				GCC_OPTIMIZATION_LEVEL = 0;
				GCC_PREPROCESSOR_DEFINITIONS = (
					"DEBUG=1",
					"$(inherited)",
				);
				GCC_WARN_64_TO_32_BIT_CONVERSION = YES;
				GCC_WARN_ABOUT_RETURN_TYPE = YES_ERROR;
				GCC_WARN_UNDECLARED_SELECTOR = YES;
				GCC_WARN_UNINITIALIZED_AUTOS = YES_AGGRESSIVE;
				GCC_WARN_UNUSED_FUNCTION = YES;
				GCC_WARN_UNUSED_VARIABLE = YES;
				IPHONEOS_DEPLOYMENT_TARGET = 10.1;
				MTL_ENABLE_DEBUG_INFO = YES;
				ONLY_ACTIVE_ARCH = YES;
				SDKROOT = iphoneos;
			};
			name = Debug;
		};
		A8EACC941E49BE0C006E787F /* Release */ = {
			isa = XCBuildConfiguration;
			buildSettings = {
				ALWAYS_SEARCH_USER_PATHS = NO;
				CLANG_ANALYZER_NONNULL = YES;
				CLANG_CXX_LANGUAGE_STANDARD = "gnu++0x";
				CLANG_CXX_LIBRARY = "libc++";
				CLANG_ENABLE_MODULES = YES;
				CLANG_ENABLE_OBJC_ARC = YES;
				CLANG_WARN_BOOL_CONVERSION = YES;
				CLANG_WARN_CONSTANT_CONVERSION = YES;
				CLANG_WARN_DIRECT_OBJC_ISA_USAGE = YES_ERROR;
				CLANG_WARN_DOCUMENTATION_COMMENTS = YES;
				CLANG_WARN_EMPTY_BODY = YES;
				CLANG_WARN_ENUM_CONVERSION = YES;
				CLANG_WARN_INFINITE_RECURSION = YES;
				CLANG_WARN_INT_CONVERSION = YES;
				CLANG_WARN_OBJC_ROOT_CLASS = YES_ERROR;
				CLANG_WARN_SUSPICIOUS_MOVES = YES;
				CLANG_WARN_UNREACHABLE_CODE = YES;
				CLANG_WARN__DUPLICATE_METHOD_MATCH = YES;
				"CODE_SIGN_IDENTITY[sdk=iphoneos*]" = "iPhone Developer";
				COPY_PHASE_STRIP = NO;
				DEBUG_INFORMATION_FORMAT = "dwarf-with-dsym";
				ENABLE_NS_ASSERTIONS = NO;
				ENABLE_STRICT_OBJC_MSGSEND = YES;
				GCC_C_LANGUAGE_STANDARD = gnu99;
				GCC_NO_COMMON_BLOCKS = YES;
				GCC_WARN_64_TO_32_BIT_CONVERSION = YES;
				GCC_WARN_ABOUT_RETURN_TYPE = YES_ERROR;
				GCC_WARN_UNDECLARED_SELECTOR = YES;
				GCC_WARN_UNINITIALIZED_AUTOS = YES_AGGRESSIVE;
				GCC_WARN_UNUSED_FUNCTION = YES;
				GCC_WARN_UNUSED_VARIABLE = YES;
				IPHONEOS_DEPLOYMENT_TARGET = 10.1;
				MTL_ENABLE_DEBUG_INFO = NO;
				SDKROOT = iphoneos;
				VALIDATE_PRODUCT = YES;
			};
			name = Release;
		};
		A8EACC961E49BE0C006E787F /* Debug */ = {
			isa = XCBuildConfiguration;
			baseConfigurationReference = 781C62847D269333A9E020EE /* Pods-TJCharts.debug.xcconfig */;
			buildSettings = {
				ASSETCATALOG_COMPILER_APPICON_NAME = AppIcon;
				CLANG_ENABLE_MODULES = YES;
				DEVELOPMENT_TEAM = DQK8L5T84R;
				INFOPLIST_FILE = TJCharts/Info.plist;
				IPHONEOS_DEPLOYMENT_TARGET = 8.0;
				LD_RUNPATH_SEARCH_PATHS = "$(inherited) @executable_path/Frameworks";
				PRODUCT_BUNDLE_IDENTIFIER = com.tjzl.TJCharts;
				PRODUCT_NAME = "$(TARGET_NAME)";
				SWIFT_OBJC_BRIDGING_HEADER = "TJCharts/TJCharts-Bridging-Header.h";
				SWIFT_OPTIMIZATION_LEVEL = "-Onone";
				SWIFT_VERSION = 3.0;
			};
			name = Debug;
		};
		A8EACC971E49BE0C006E787F /* Release */ = {
			isa = XCBuildConfiguration;
			baseConfigurationReference = 4920C2E3CB3BC8DA69F21AC1 /* Pods-TJCharts.release.xcconfig */;
			buildSettings = {
				ASSETCATALOG_COMPILER_APPICON_NAME = AppIcon;
				CLANG_ENABLE_MODULES = YES;
				DEVELOPMENT_TEAM = DQK8L5T84R;
				INFOPLIST_FILE = TJCharts/Info.plist;
				IPHONEOS_DEPLOYMENT_TARGET = 8.0;
				LD_RUNPATH_SEARCH_PATHS = "$(inherited) @executable_path/Frameworks";
				PRODUCT_BUNDLE_IDENTIFIER = com.tjzl.TJCharts;
				PRODUCT_NAME = "$(TARGET_NAME)";
				SWIFT_OBJC_BRIDGING_HEADER = "TJCharts/TJCharts-Bridging-Header.h";
				SWIFT_VERSION = 3.0;
			};
			name = Release;
		};
/* End XCBuildConfiguration section */

/* Begin XCConfigurationList section */
		A8EACC791E49BE0C006E787F /* Build configuration list for PBXProject "TJCharts" */ = {
			isa = XCConfigurationList;
			buildConfigurations = (
				A8EACC931E49BE0C006E787F /* Debug */,
				A8EACC941E49BE0C006E787F /* Release */,
			);
			defaultConfigurationIsVisible = 0;
			defaultConfigurationName = Release;
		};
		A8EACC951E49BE0C006E787F /* Build configuration list for PBXNativeTarget "TJCharts" */ = {
			isa = XCConfigurationList;
			buildConfigurations = (
				A8EACC961E49BE0C006E787F /* Debug */,
				A8EACC971E49BE0C006E787F /* Release */,
			);
			defaultConfigurationIsVisible = 0;
			defaultConfigurationName = Release;
		};
/* End XCConfigurationList section */
	};
	rootObject = A8EACC761E49BE0C006E787F /* Project object */;
}
